// !$*UTF8*$!
{
	archiveVersion = 1;
	classes = {
	};
	objectVersion = 56;
	objects = {

/* Begin PBXBuildFile section */
		908FA70F2B30667E00082634 /* KakaoSDK in Frameworks */ = {isa = PBXBuildFile; productRef = 908FA70E2B30667E00082634 /* KakaoSDK */; };
		908FA7112B30667E00082634 /* KakaoSDKAuth in Frameworks */ = {isa = PBXBuildFile; productRef = 908FA7102B30667E00082634 /* KakaoSDKAuth */; };
		908FA7132B30667E00082634 /* KakaoSDKCert in Frameworks */ = {isa = PBXBuildFile; productRef = 908FA7122B30667E00082634 /* KakaoSDKCert */; };
		908FA7152B30667E00082634 /* KakaoSDKShare in Frameworks */ = {isa = PBXBuildFile; productRef = 908FA7142B30667E00082634 /* KakaoSDKShare */; };
		908FA7172B30667E00082634 /* KakaoSDKTalk in Frameworks */ = {isa = PBXBuildFile; productRef = 908FA7162B30667E00082634 /* KakaoSDKTalk */; };
		908FA7192B30667E00082634 /* KakaoSDKTemplate in Frameworks */ = {isa = PBXBuildFile; productRef = 908FA7182B30667E00082634 /* KakaoSDKTemplate */; };
		908FA71B2B30667E00082634 /* KakaoSDKUser in Frameworks */ = {isa = PBXBuildFile; productRef = 908FA71A2B30667E00082634 /* KakaoSDKUser */; };
		908FA71F2B306B3100082634 /* AppDelegate.swift in Sources */ = {isa = PBXBuildFile; fileRef = 908FA71E2B306B3100082634 /* AppDelegate.swift */; };
		908FA7212B306D6700082634 /* SceneDelegate.swift in Sources */ = {isa = PBXBuildFile; fileRef = 908FA7202B306D6700082634 /* SceneDelegate.swift */; };
		90D0A0D22B2ECD7000069EED /* KakaoLoginPracticeApp.swift in Sources */ = {isa = PBXBuildFile; fileRef = 90D0A0D12B2ECD7000069EED /* KakaoLoginPracticeApp.swift */; };
		90D0A0D42B2ECD7000069EED /* ContentView.swift in Sources */ = {isa = PBXBuildFile; fileRef = 90D0A0D32B2ECD7000069EED /* ContentView.swift */; };
		90D0A0D62B2ECD7000069EED /* Assets.xcassets in Resources */ = {isa = PBXBuildFile; fileRef = 90D0A0D52B2ECD7000069EED /* Assets.xcassets */; };
		90D0A0D92B2ECD7000069EED /* Preview Assets.xcassets in Resources */ = {isa = PBXBuildFile; fileRef = 90D0A0D82B2ECD7000069EED /* Preview Assets.xcassets */; };
/* End PBXBuildFile section */

/* Begin PBXFileReference section */
		908FA71C2B30672000082634 /* Info.plist */ = {isa = PBXFileReference; lastKnownFileType = text.plist; path = Info.plist; sourceTree = "<group>"; };
		908FA71D2B30680200082634 /* Config.xcconfig */ = {isa = PBXFileReference; lastKnownFileType = text.xcconfig; path = Config.xcconfig; sourceTree = "<group>"; };
		908FA71E2B306B3100082634 /* AppDelegate.swift */ = {isa = PBXFileReference; lastKnownFileType = sourcecode.swift; path = AppDelegate.swift; sourceTree = "<group>"; };
		908FA7202B306D6700082634 /* SceneDelegate.swift */ = {isa = PBXFileReference; lastKnownFileType = sourcecode.swift; path = SceneDelegate.swift; sourceTree = "<group>"; };
		90D0A0CE2B2ECD7000069EED /* KakaoLoginPractice.app */ = {isa = PBXFileReference; explicitFileType = wrapper.application; includeInIndex = 0; path = KakaoLoginPractice.app; sourceTree = BUILT_PRODUCTS_DIR; };
		90D0A0D12B2ECD7000069EED /* KakaoLoginPracticeApp.swift */ = {isa = PBXFileReference; lastKnownFileType = sourcecode.swift; path = KakaoLoginPracticeApp.swift; sourceTree = "<group>"; };
		90D0A0D32B2ECD7000069EED /* ContentView.swift */ = {isa = PBXFileReference; lastKnownFileType = sourcecode.swift; path = ContentView.swift; sourceTree = "<group>"; };
		90D0A0D52B2ECD7000069EED /* Assets.xcassets */ = {isa = PBXFileReference; lastKnownFileType = folder.assetcatalog; path = Assets.xcassets; sourceTree = "<group>"; };
		90D0A0D82B2ECD7000069EED /* Preview Assets.xcassets */ = {isa = PBXFileReference; lastKnownFileType = folder.assetcatalog; path = "Preview Assets.xcassets"; sourceTree = "<group>"; };
/* End PBXFileReference section */

/* Begin PBXFrameworksBuildPhase section */
		90D0A0CB2B2ECD7000069EED /* Frameworks */ = {
			isa = PBXFrameworksBuildPhase;
			buildActionMask = 2147483647;
			files = (
				908FA7132B30667E00082634 /* KakaoSDKCert in Frameworks */,
				908FA7152B30667E00082634 /* KakaoSDKShare in Frameworks */,
				908FA7172B30667E00082634 /* KakaoSDKTalk in Frameworks */,
				908FA71B2B30667E00082634 /* KakaoSDKUser in Frameworks */,
				908FA70F2B30667E00082634 /* KakaoSDK in Frameworks */,
				908FA7112B30667E00082634 /* KakaoSDKAuth in Frameworks */,
				908FA7192B30667E00082634 /* KakaoSDKTemplate in Frameworks */,
			);
			runOnlyForDeploymentPostprocessing = 0;
		};
/* End PBXFrameworksBuildPhase section */

/* Begin PBXGroup section */
		90D0A0C52B2ECD7000069EED = {
			isa = PBXGroup;
			children = (
				90D0A0D02B2ECD7000069EED /* KakaoLoginPractice */,
				90D0A0CF2B2ECD7000069EED /* Products */,
			);
			sourceTree = "<group>";
		};
		90D0A0CF2B2ECD7000069EED /* Products */ = {
			isa = PBXGroup;
			children = (
				90D0A0CE2B2ECD7000069EED /* KakaoLoginPractice.app */,
			);
			name = Products;
			sourceTree = "<group>";
		};
		90D0A0D02B2ECD7000069EED /* KakaoLoginPractice */ = {
			isa = PBXGroup;
			children = (
				908FA71C2B30672000082634 /* Info.plist */,
				90D0A0D12B2ECD7000069EED /* KakaoLoginPracticeApp.swift */,
				908FA71E2B306B3100082634 /* AppDelegate.swift */,
				908FA7202B306D6700082634 /* SceneDelegate.swift */,
				90D0A0D32B2ECD7000069EED /* ContentView.swift */,
				90D0A0D52B2ECD7000069EED /* Assets.xcassets */,
				90D0A0D72B2ECD7000069EED /* Preview Content */,
				908FA71D2B30680200082634 /* Config.xcconfig */,
			);
			path = KakaoLoginPractice;
			sourceTree = "<group>";
		};
		90D0A0D72B2ECD7000069EED /* Preview Content */ = {
			isa = PBXGroup;
			children = (
				90D0A0D82B2ECD7000069EED /* Preview Assets.xcassets */,
			);
			path = "Preview Content";
			sourceTree = "<group>";
		};
/* End PBXGroup section */

/* Begin PBXNativeTarget section */
		90D0A0CD2B2ECD7000069EED /* KakaoLoginPractice */ = {
			isa = PBXNativeTarget;
			buildConfigurationList = 90D0A0DC2B2ECD7000069EED /* Build configuration list for PBXNativeTarget "KakaoLoginPractice" */;
			buildPhases = (
				90D0A0CA2B2ECD7000069EED /* Sources */,
				90D0A0CB2B2ECD7000069EED /* Frameworks */,
				90D0A0CC2B2ECD7000069EED /* Resources */,
			);
			buildRules = (
			);
			dependencies = (
			);
			name = KakaoLoginPractice;
			packageProductDependencies = (
				908FA70E2B30667E00082634 /* KakaoSDK */,
				908FA7102B30667E00082634 /* KakaoSDKAuth */,
				908FA7122B30667E00082634 /* KakaoSDKCert */,
				908FA7142B30667E00082634 /* KakaoSDKShare */,
				908FA7162B30667E00082634 /* KakaoSDKTalk */,
				908FA7182B30667E00082634 /* KakaoSDKTemplate */,
				908FA71A2B30667E00082634 /* KakaoSDKUser */,
			);
			productName = KakaoLoginPractice;
			productReference = 90D0A0CE2B2ECD7000069EED /* KakaoLoginPractice.app */;
			productType = "com.apple.product-type.application";
		};
/* End PBXNativeTarget section */

/* Begin PBXProject section */
		90D0A0C62B2ECD7000069EED /* Project object */ = {
			isa = PBXProject;
			attributes = {
				BuildIndependentTargetsInParallel = 1;
				LastSwiftUpdateCheck = 1510;
				LastUpgradeCheck = 1510;
				TargetAttributes = {
					90D0A0CD2B2ECD7000069EED = {
						CreatedOnToolsVersion = 15.1;
					};
				};
			};
			buildConfigurationList = 90D0A0C92B2ECD7000069EED /* Build configuration list for PBXProject "KakaoLoginPractice" */;
			compatibilityVersion = "Xcode 14.0";
			developmentRegion = en;
			hasScannedForEncodings = 0;
			knownRegions = (
				en,
				Base,
			);
			mainGroup = 90D0A0C52B2ECD7000069EED;
			packageReferences = (
				908FA70D2B30667E00082634 /* XCRemoteSwiftPackageReference "kakao-ios-sdk" */,
			);
			productRefGroup = 90D0A0CF2B2ECD7000069EED /* Products */;
			projectDirPath = "";
			projectRoot = "";
			targets = (
				90D0A0CD2B2ECD7000069EED /* KakaoLoginPractice */,
			);
		};
/* End PBXProject section */

/* Begin PBXResourcesBuildPhase section */
		90D0A0CC2B2ECD7000069EED /* Resources */ = {
			isa = PBXResourcesBuildPhase;
			buildActionMask = 2147483647;
			files = (
				90D0A0D92B2ECD7000069EED /* Preview Assets.xcassets in Resources */,
				90D0A0D62B2ECD7000069EED /* Assets.xcassets in Resources */,
			);
			runOnlyForDeploymentPostprocessing = 0;
		};
/* End PBXResourcesBuildPhase section */

/* Begin PBXSourcesBuildPhase section */
		90D0A0CA2B2ECD7000069EED /* Sources */ = {
			isa = PBXSourcesBuildPhase;
			buildActionMask = 2147483647;
			files = (
				908FA71F2B306B3100082634 /* AppDelegate.swift in Sources */,
				90D0A0D42B2ECD7000069EED /* ContentView.swift in Sources */,
				90D0A0D22B2ECD7000069EED /* KakaoLoginPracticeApp.swift in Sources */,
				908FA7212B306D6700082634 /* SceneDelegate.swift in Sources */,
			);
			runOnlyForDeploymentPostprocessing = 0;
		};
/* End PBXSourcesBuildPhase section */

/* Begin XCBuildConfiguration section */
		90D0A0DA2B2ECD7000069EED /* Debug */ = {
			isa = XCBuildConfiguration;
			baseConfigurationReference = 908FA71D2B30680200082634 /* Config.xcconfig */;
			buildSettings = {
				ALWAYS_SEARCH_USER_PATHS = NO;
				ASSETCATALOG_COMPILER_GENERATE_SWIFT_ASSET_SYMBOL_EXTENSIONS = YES;
				CLANG_ANALYZER_NONNULL = YES;
				CLANG_ANALYZER_NUMBER_OBJECT_CONVERSION = YES_AGGRESSIVE;
				CLANG_CXX_LANGUAGE_STANDARD = "gnu++20";
				CLANG_ENABLE_MODULES = YES;
				CLANG_ENABLE_OBJC_ARC = YES;
				CLANG_ENABLE_OBJC_WEAK = YES;
				CLANG_WARN_BLOCK_CAPTURE_AUTORELEASING = YES;
				CLANG_WARN_BOOL_CONVERSION = YES;
				CLANG_WARN_COMMA = YES;
				CLANG_WARN_CONSTANT_CONVERSION = YES;
				CLANG_WARN_DEPRECATED_OBJC_IMPLEMENTATIONS = YES;
				CLANG_WARN_DIRECT_OBJC_ISA_USAGE = YES_ERROR;
				CLANG_WARN_DOCUMENTATION_COMMENTS = YES;
				CLANG_WARN_EMPTY_BODY = YES;
				CLANG_WARN_ENUM_CONVERSION = YES;
				CLANG_WARN_INFINITE_RECURSION = YES;
				CLANG_WARN_INT_CONVERSION = YES;
				CLANG_WARN_NON_LITERAL_NULL_CONVERSION = YES;
				CLANG_WARN_OBJC_IMPLICIT_RETAIN_SELF = YES;
				CLANG_WARN_OBJC_LITERAL_CONVERSION = YES;
				CLANG_WARN_OBJC_ROOT_CLASS = YES_ERROR;
				CLANG_WARN_QUOTED_INCLUDE_IN_FRAMEWORK_HEADER = YES;
				CLANG_WARN_RANGE_LOOP_ANALYSIS = YES;
				CLANG_WARN_STRICT_PROTOTYPES = YES;
				CLANG_WARN_SUSPICIOUS_MOVE = YES;
				CLANG_WARN_UNGUARDED_AVAILABILITY = YES_AGGRESSIVE;
				CLANG_WARN_UNREACHABLE_CODE = YES;
				CLANG_WARN__DUPLICATE_METHOD_MATCH = YES;
				COPY_PHASE_STRIP = NO;
				DEBUG_INFORMATION_FORMAT = dwarf;
				ENABLE_STRICT_OBJC_MSGSEND = YES;
				ENABLE_TESTABILITY = YES;
				ENABLE_USER_SCRIPT_SANDBOXING = YES;
				GCC_C_LANGUAGE_STANDARD = gnu17;
				GCC_DYNAMIC_NO_PIC = NO;
				GCC_NO_COMMON_BLOCKS = YES;
				GCC_OPTIMIZATION_LEVEL = 0;
				GCC_PREPROCESSOR_DEFINITIONS = (
					"DEBUG=1",
					"$(inherited)",
				);
				GCC_WARN_64_TO_32_BIT_CONVERSION = YES;
				GCC_WARN_ABOUT_RETURN_TYPE = YES_ERROR;
				GCC_WARN_UNDECLARED_SELECTOR = YES;
				GCC_WARN_UNINITIALIZED_AUTOS = YES_AGGRESSIVE;
				GCC_WARN_UNUSED_FUNCTION = YES;
				GCC_WARN_UNUSED_VARIABLE = YES;
				IPHONEOS_DEPLOYMENT_TARGET = 17.2;
				LOCALIZATION_PREFERS_STRING_CATALOGS = YES;
				MTL_ENABLE_DEBUG_INFO = INCLUDE_SOURCE;
				MTL_FAST_MATH = YES;
				ONLY_ACTIVE_ARCH = YES;
				SDKROOT = iphoneos;
				SWIFT_ACTIVE_COMPILATION_CONDITIONS = "DEBUG $(inherited)";
				SWIFT_OPTIMIZATION_LEVEL = "-Onone";
			};
			name = Debug;
		};
		90D0A0DB2B2ECD7000069EED /* Release */ = {
			isa = XCBuildConfiguration;
			buildSettings = {
				ALWAYS_SEARCH_USER_PATHS = NO;
				ASSETCATALOG_COMPILER_GENERATE_SWIFT_ASSET_SYMBOL_EXTENSIONS = YES;
				CLANG_ANALYZER_NONNULL = YES;
				CLANG_ANALYZER_NUMBER_OBJECT_CONVERSION = YES_AGGRESSIVE;
				CLANG_CXX_LANGUAGE_STANDARD = "gnu++20";
				CLANG_ENABLE_MODULES = YES;
				CLANG_ENABLE_OBJC_ARC = YES;
				CLANG_ENABLE_OBJC_WEAK = YES;
				CLANG_WARN_BLOCK_CAPTURE_AUTORELEASING = YES;
				CLANG_WARN_BOOL_CONVERSION = YES;
				CLANG_WARN_COMMA = YES;
				CLANG_WARN_CONSTANT_CONVERSION = YES;
				CLANG_WARN_DEPRECATED_OBJC_IMPLEMENTATIONS = YES;
				CLANG_WARN_DIRECT_OBJC_ISA_USAGE = YES_ERROR;
				CLANG_WARN_DOCUMENTATION_COMMENTS = YES;
				CLANG_WARN_EMPTY_BODY = YES;
				CLANG_WARN_ENUM_CONVERSION = YES;
				CLANG_WARN_INFINITE_RECURSION = YES;
				CLANG_WARN_INT_CONVERSION = YES;
				CLANG_WARN_NON_LITERAL_NULL_CONVERSION = YES;
				CLANG_WARN_OBJC_IMPLICIT_RETAIN_SELF = YES;
				CLANG_WARN_OBJC_LITERAL_CONVERSION = YES;
				CLANG_WARN_OBJC_ROOT_CLASS = YES_ERROR;
				CLANG_WARN_QUOTED_INCLUDE_IN_FRAMEWORK_HEADER = YES;
				CLANG_WARN_RANGE_LOOP_ANALYSIS = YES;
				CLANG_WARN_STRICT_PROTOTYPES = YES;
				CLANG_WARN_SUSPICIOUS_MOVE = YES;
				CLANG_WARN_UNGUARDED_AVAILABILITY = YES_AGGRESSIVE;
				CLANG_WARN_UNREACHABLE_CODE = YES;
				CLANG_WARN__DUPLICATE_METHOD_MATCH = YES;
				COPY_PHASE_STRIP = NO;
				DEBUG_INFORMATION_FORMAT = "dwarf-with-dsym";
				ENABLE_NS_ASSERTIONS = NO;
				ENABLE_STRICT_OBJC_MSGSEND = YES;
				ENABLE_USER_SCRIPT_SANDBOXING = YES;
				GCC_C_LANGUAGE_STANDARD = gnu17;
				GCC_NO_COMMON_BLOCKS = YES;
				GCC_WARN_64_TO_32_BIT_CONVERSION = YES;
				GCC_WARN_ABOUT_RETURN_TYPE = YES_ERROR;
				GCC_WARN_UNDECLARED_SELECTOR = YES;
				GCC_WARN_UNINITIALIZED_AUTOS = YES_AGGRESSIVE;
				GCC_WARN_UNUSED_FUNCTION = YES;
				GCC_WARN_UNUSED_VARIABLE = YES;
				IPHONEOS_DEPLOYMENT_TARGET = 17.2;
				LOCALIZATION_PREFERS_STRING_CATALOGS = YES;
				MTL_ENABLE_DEBUG_INFO = NO;
				MTL_FAST_MATH = YES;
				SDKROOT = iphoneos;
				SWIFT_COMPILATION_MODE = wholemodule;
				VALIDATE_PRODUCT = YES;
			};
			name = Release;
		};
		90D0A0DD2B2ECD7000069EED /* Debug */ = {
			isa = XCBuildConfiguration;
			baseConfigurationReference = 908FA71D2B30680200082634 /* Config.xcconfig */;
			buildSettings = {
				ASSETCATALOG_COMPILER_APPICON_NAME = AppIcon;
				ASSETCATALOG_COMPILER_GLOBAL_ACCENT_COLOR_NAME = AccentColor;
				CODE_SIGN_STYLE = Automatic;
				CURRENT_PROJECT_VERSION = 1;
				DEVELOPMENT_ASSET_PATHS = "\"KakaoLoginPractice/Preview Content\"";
				ENABLE_PREVIEWS = YES;
				GENERATE_INFOPLIST_FILE = YES;
				INFOPLIST_FILE = KakaoLoginPractice/Info.plist;
				INFOPLIST_KEY_UIApplicationSceneManifest_Generation = YES;
				INFOPLIST_KEY_UIApplicationSupportsIndirectInputEvents = YES;
				INFOPLIST_KEY_UILaunchScreen_Generation = YES;
				INFOPLIST_KEY_UISupportedInterfaceOrientations_iPad = "UIInterfaceOrientationPortrait UIInterfaceOrientationPortraitUpsideDown UIInterfaceOrientationLandscapeLeft UIInterfaceOrientationLandscapeRight";
				INFOPLIST_KEY_UISupportedInterfaceOrientations_iPhone = "UIInterfaceOrientationPortrait UIInterfaceOrientationLandscapeLeft UIInterfaceOrientationLandscapeRight";
				LD_RUNPATH_SEARCH_PATHS = (
					"$(inherited)",
					"@executable_path/Frameworks",
				);
				MARKETING_VERSION = 1.0;
				PRODUCT_BUNDLE_IDENTIFIER = developer.Nick.KakaoLoginPractice;
				PRODUCT_NAME = "$(TARGET_NAME)";
				SWIFT_EMIT_LOC_STRINGS = YES;
				SWIFT_VERSION = 5.0;
				TARGETED_DEVICE_FAMILY = "1,2";
			};
			name = Debug;
		};
		90D0A0DE2B2ECD7000069EED /* Release */ = {
			isa = XCBuildConfiguration;
			buildSettings = {
				ASSETCATALOG_COMPILER_APPICON_NAME = AppIcon;
				ASSETCATALOG_COMPILER_GLOBAL_ACCENT_COLOR_NAME = AccentColor;
				CODE_SIGN_STYLE = Automatic;
				CURRENT_PROJECT_VERSION = 1;
				DEVELOPMENT_ASSET_PATHS = "\"KakaoLoginPractice/Preview Content\"";
				ENABLE_PREVIEWS = YES;
				GENERATE_INFOPLIST_FILE = YES;
				INFOPLIST_FILE = KakaoLoginPractice/Info.plist;
				INFOPLIST_KEY_UIApplicationSceneManifest_Generation = YES;
				INFOPLIST_KEY_UIApplicationSupportsIndirectInputEvents = YES;
				INFOPLIST_KEY_UILaunchScreen_Generation = YES;
				INFOPLIST_KEY_UISupportedInterfaceOrientations_iPad = "UIInterfaceOrientationPortrait UIInterfaceOrientationPortraitUpsideDown UIInterfaceOrientationLandscapeLeft UIInterfaceOrientationLandscapeRight";
				INFOPLIST_KEY_UISupportedInterfaceOrientations_iPhone = "UIInterfaceOrientationPortrait UIInterfaceOrientationLandscapeLeft UIInterfaceOrientationLandscapeRight";
				LD_RUNPATH_SEARCH_PATHS = (
					"$(inherited)",
					"@executable_path/Frameworks",
				);
				MARKETING_VERSION = 1.0;
				PRODUCT_BUNDLE_IDENTIFIER = developer.Nick.KakaoLoginPractice;
				PRODUCT_NAME = "$(TARGET_NAME)";
				SWIFT_EMIT_LOC_STRINGS = YES;
				SWIFT_VERSION = 5.0;
				TARGETED_DEVICE_FAMILY = "1,2";
			};
			name = Release;
		};
/* End XCBuildConfiguration section */

/* Begin XCConfigurationList section */
		90D0A0C92B2ECD7000069EED /* Build configuration list for PBXProject "KakaoLoginPractice" */ = {
			isa = XCConfigurationList;
			buildConfigurations = (
				90D0A0DA2B2ECD7000069EED /* Debug */,
				90D0A0DB2B2ECD7000069EED /* Release */,
			);
			defaultConfigurationIsVisible = 0;
			defaultConfigurationName = Release;
		};
		90D0A0DC2B2ECD7000069EED /* Build configuration list for PBXNativeTarget "KakaoLoginPractice" */ = {
			isa = XCConfigurationList;
			buildConfigurations = (
				90D0A0DD2B2ECD7000069EED /* Debug */,
				90D0A0DE2B2ECD7000069EED /* Release */,
			);
			defaultConfigurationIsVisible = 0;
			defaultConfigurationName = Release;
		};
/* End XCConfigurationList section */

/* Begin XCRemoteSwiftPackageReference section */
		908FA70D2B30667E00082634 /* XCRemoteSwiftPackageReference "kakao-ios-sdk" */ = {
			isa = XCRemoteSwiftPackageReference;
			repositoryURL = "https://github.com/kakao/kakao-ios-sdk";
			requirement = {
				kind = upToNextMajorVersion;
				minimumVersion = 2.19.0;
			};
		};
/* End XCRemoteSwiftPackageReference section */

/* Begin XCSwiftPackageProductDependency section */
		908FA70E2B30667E00082634 /* KakaoSDK */ = {
			isa = XCSwiftPackageProductDependency;
			package = 908FA70D2B30667E00082634 /* XCRemoteSwiftPackageReference "kakao-ios-sdk" */;
			productName = KakaoSDK;
		};
		908FA7102B30667E00082634 /* KakaoSDKAuth */ = {
			isa = XCSwiftPackageProductDependency;
			package = 908FA70D2B30667E00082634 /* XCRemoteSwiftPackageReference "kakao-ios-sdk" */;
			productName = KakaoSDKAuth;
		};
		908FA7122B30667E00082634 /* KakaoSDKCert */ = {
			isa = XCSwiftPackageProductDependency;
			package = 908FA70D2B30667E00082634 /* XCRemoteSwiftPackageReference "kakao-ios-sdk" */;
			productName = KakaoSDKCert;
		};
		908FA7142B30667E00082634 /* KakaoSDKShare */ = {
			isa = XCSwiftPackageProductDependency;
			package = 908FA70D2B30667E00082634 /* XCRemoteSwiftPackageReference "kakao-ios-sdk" */;
			productName = KakaoSDKShare;
		};
		908FA7162B30667E00082634 /* KakaoSDKTalk */ = {
			isa = XCSwiftPackageProductDependency;
			package = 908FA70D2B30667E00082634 /* XCRemoteSwiftPackageReference "kakao-ios-sdk" */;
			productName = KakaoSDKTalk;
		};
		908FA7182B30667E00082634 /* KakaoSDKTemplate */ = {
			isa = XCSwiftPackageProductDependency;
			package = 908FA70D2B30667E00082634 /* XCRemoteSwiftPackageReference "kakao-ios-sdk" */;
			productName = KakaoSDKTemplate;
		};
		908FA71A2B30667E00082634 /* KakaoSDKUser */ = {
			isa = XCSwiftPackageProductDependency;
			package = 908FA70D2B30667E00082634 /* XCRemoteSwiftPackageReference "kakao-ios-sdk" */;
			productName = KakaoSDKUser;
		};
/* End XCSwiftPackageProductDependency section */
	};
	rootObject = 90D0A0C62B2ECD7000069EED /* Project object */;
}
