// !$*UTF8*$!
{
	archiveVersion = 1;
	classes = {
	};
	objectVersion = 56;
	objects = {

/* Begin PBXBuildFile section */
		906992F12ADB72CC000F75BE /* TodoList.swift in Sources */ = {isa = PBXBuildFile; fileRef = 906992F02ADB72CC000F75BE /* TodoList.swift */; };
		906D32092AD816E500F993AC /* TodoCell.swift in Sources */ = {isa = PBXBuildFile; fileRef = 906D32082AD816E500F993AC /* TodoCell.swift */; };
		906D320C2AD818E900F993AC /* Todo.swift in Sources */ = {isa = PBXBuildFile; fileRef = 906D320B2AD818E900F993AC /* Todo.swift */; };
		90AEF9032AD674C100435510 /* AppDelegate.swift in Sources */ = {isa = PBXBuildFile; fileRef = 90AEF9022AD674C100435510 /* AppDelegate.swift */; };
		90AEF9052AD674C100435510 /* SceneDelegate.swift in Sources */ = {isa = PBXBuildFile; fileRef = 90AEF9042AD674C100435510 /* SceneDelegate.swift */; };
		90AEF9072AD674C100435510 /* ViewController.swift in Sources */ = {isa = PBXBuildFile; fileRef = 90AEF9062AD674C100435510 /* ViewController.swift */; };
		90AEF90C2AD674C200435510 /* Assets.xcassets in Resources */ = {isa = PBXBuildFile; fileRef = 90AEF90B2AD674C200435510 /* Assets.xcassets */; };
		90AEF90F2AD674C200435510 /* LaunchScreen.storyboard in Resources */ = {isa = PBXBuildFile; fileRef = 90AEF90D2AD674C200435510 /* LaunchScreen.storyboard */; };
		90D3509F2ADA6B740041665C /* TodoDetailViewController.swift in Sources */ = {isa = PBXBuildFile; fileRef = 90D3509E2ADA6B740041665C /* TodoDetailViewController.swift */; };
		90D350A12ADAD4940041665C /* TodoListDataSource.swift in Sources */ = {isa = PBXBuildFile; fileRef = 90D350A02ADAD4940041665C /* TodoListDataSource.swift */; };
		90D6AA1D2B1342AB0095B52C /* File.swift in Sources */ = {isa = PBXBuildFile; fileRef = 90D6AA1C2B1342AB0095B52C /* File.swift */; };
/* End PBXBuildFile section */

/* Begin PBXFileReference section */
		906992F02ADB72CC000F75BE /* TodoList.swift */ = {isa = PBXFileReference; lastKnownFileType = sourcecode.swift; path = TodoList.swift; sourceTree = "<group>"; };
		906D32082AD816E500F993AC /* TodoCell.swift */ = {isa = PBXFileReference; lastKnownFileType = sourcecode.swift; path = TodoCell.swift; sourceTree = "<group>"; };
		906D320B2AD818E900F993AC /* Todo.swift */ = {isa = PBXFileReference; lastKnownFileType = sourcecode.swift; path = Todo.swift; sourceTree = "<group>"; };
		90AEF8FF2AD674C100435510 /* DiffableToDoList.app */ = {isa = PBXFileReference; explicitFileType = wrapper.application; includeInIndex = 0; path = DiffableToDoList.app; sourceTree = BUILT_PRODUCTS_DIR; };
		90AEF9022AD674C100435510 /* AppDelegate.swift */ = {isa = PBXFileReference; lastKnownFileType = sourcecode.swift; path = AppDelegate.swift; sourceTree = "<group>"; };
		90AEF9042AD674C100435510 /* SceneDelegate.swift */ = {isa = PBXFileReference; lastKnownFileType = sourcecode.swift; path = SceneDelegate.swift; sourceTree = "<group>"; };
		90AEF9062AD674C100435510 /* ViewController.swift */ = {isa = PBXFileReference; lastKnownFileType = sourcecode.swift; path = ViewController.swift; sourceTree = "<group>"; };
		90AEF90B2AD674C200435510 /* Assets.xcassets */ = {isa = PBXFileReference; lastKnownFileType = folder.assetcatalog; path = Assets.xcassets; sourceTree = "<group>"; };
		90AEF90E2AD674C200435510 /* Base */ = {isa = PBXFileReference; lastKnownFileType = file.storyboard; name = Base; path = Base.lproj/LaunchScreen.storyboard; sourceTree = "<group>"; };
		90AEF9102AD674C200435510 /* Info.plist */ = {isa = PBXFileReference; lastKnownFileType = text.plist.xml; path = Info.plist; sourceTree = "<group>"; };
		90D3509E2ADA6B740041665C /* TodoDetailViewController.swift */ = {isa = PBXFileReference; lastKnownFileType = sourcecode.swift; path = TodoDetailViewController.swift; sourceTree = "<group>"; };
		90D350A02ADAD4940041665C /* TodoListDataSource.swift */ = {isa = PBXFileReference; lastKnownFileType = sourcecode.swift; path = TodoListDataSource.swift; sourceTree = "<group>"; };
		90D6AA1C2B1342AB0095B52C /* File.swift */ = {isa = PBXFileReference; lastKnownFileType = sourcecode.swift; path = File.swift; sourceTree = "<group>"; };
/* End PBXFileReference section */

/* Begin PBXFrameworksBuildPhase section */
		90AEF8FC2AD674C100435510 /* Frameworks */ = {
			isa = PBXFrameworksBuildPhase;
			buildActionMask = 2147483647;
			files = (
			);
			runOnlyForDeploymentPostprocessing = 0;
		};
/* End PBXFrameworksBuildPhase section */

/* Begin PBXGroup section */
		906D320A2AD818DE00F993AC /* Model */ = {
			isa = PBXGroup;
			children = (
				90D350A02ADAD4940041665C /* TodoListDataSource.swift */,
				906D320B2AD818E900F993AC /* Todo.swift */,
				906992F02ADB72CC000F75BE /* TodoList.swift */,
			);
			path = Model;
			sourceTree = "<group>";
		};
		90AEF8F62AD674C100435510 = {
			isa = PBXGroup;
			children = (
				90AEF9012AD674C100435510 /* DiffableToDoList */,
				90AEF9002AD674C100435510 /* Products */,
			);
			sourceTree = "<group>";
		};
		90AEF9002AD674C100435510 /* Products */ = {
			isa = PBXGroup;
			children = (
				90AEF8FF2AD674C100435510 /* DiffableToDoList.app */,
			);
			name = Products;
			sourceTree = "<group>";
		};
		90AEF9012AD674C100435510 /* DiffableToDoList */ = {
			isa = PBXGroup;
			children = (
				90AEF9022AD674C100435510 /* AppDelegate.swift */,
				90AEF9042AD674C100435510 /* SceneDelegate.swift */,
				90D6AA1C2B1342AB0095B52C /* File.swift */,
				906D320A2AD818DE00F993AC /* Model */,
				90D6AA1A2B1342790095B52C /* View */,
				90D6AA1B2B1342890095B52C /* Controller */,
				90AEF90B2AD674C200435510 /* Assets.xcassets */,
				90AEF90D2AD674C200435510 /* LaunchScreen.storyboard */,
				90AEF9102AD674C200435510 /* Info.plist */,
			);
			path = DiffableToDoList;
			sourceTree = "<group>";
		};
		90D6AA1A2B1342790095B52C /* View */ = {
			isa = PBXGroup;
			children = (
				906D32082AD816E500F993AC /* TodoCell.swift */,
			);
			path = View;
			sourceTree = "<group>";
		};
		90D6AA1B2B1342890095B52C /* Controller */ = {
			isa = PBXGroup;
			children = (
				90AEF9062AD674C100435510 /* ViewController.swift */,
				90D3509E2ADA6B740041665C /* TodoDetailViewController.swift */,
			);
			path = Controller;
			sourceTree = "<group>";
		};
/* End PBXGroup section */

/* Begin PBXNativeTarget section */
		90AEF8FE2AD674C100435510 /* DiffableToDoList */ = {
			isa = PBXNativeTarget;
			buildConfigurationList = 90AEF9132AD674C200435510 /* Build configuration list for PBXNativeTarget "DiffableToDoList" */;
			buildPhases = (
				90AEF8FB2AD674C100435510 /* Sources */,
				90AEF8FC2AD674C100435510 /* Frameworks */,
				90AEF8FD2AD674C100435510 /* Resources */,
			);
			buildRules = (
			);
			dependencies = (
			);
			name = DiffableToDoList;
			productName = DiffableToDoList;
			productReference = 90AEF8FF2AD674C100435510 /* DiffableToDoList.app */;
			productType = "com.apple.product-type.application";
		};
/* End PBXNativeTarget section */

/* Begin PBXProject section */
		90AEF8F72AD674C100435510 /* Project object */ = {
			isa = PBXProject;
			attributes = {
				BuildIndependentTargetsInParallel = 1;
				LastSwiftUpdateCheck = 1500;
				LastUpgradeCheck = 1500;
				TargetAttributes = {
					90AEF8FE2AD674C100435510 = {
						CreatedOnToolsVersion = 15.0;
					};
				};
			};
			buildConfigurationList = 90AEF8FA2AD674C100435510 /* Build configuration list for PBXProject "DiffableToDoList" */;
			compatibilityVersion = "Xcode 14.0";
			developmentRegion = en;
			hasScannedForEncodings = 0;
			knownRegions = (
				en,
				Base,
			);
			mainGroup = 90AEF8F62AD674C100435510;
			productRefGroup = 90AEF9002AD674C100435510 /* Products */;
			projectDirPath = "";
			projectRoot = "";
			targets = (
				90AEF8FE2AD674C100435510 /* DiffableToDoList */,
			);
		};
/* End PBXProject section */

/* Begin PBXResourcesBuildPhase section */
		90AEF8FD2AD674C100435510 /* Resources */ = {
			isa = PBXResourcesBuildPhase;
			buildActionMask = 2147483647;
			files = (
				90AEF90F2AD674C200435510 /* LaunchScreen.storyboard in Resources */,
				90AEF90C2AD674C200435510 /* Assets.xcassets in Resources */,
			);
			runOnlyForDeploymentPostprocessing = 0;
		};
/* End PBXResourcesBuildPhase section */

/* Begin PBXSourcesBuildPhase section */
		90AEF8FB2AD674C100435510 /* Sources */ = {
			isa = PBXSourcesBuildPhase;
			buildActionMask = 2147483647;
			files = (
				90D350A12ADAD4940041665C /* TodoListDataSource.swift in Sources */,
				90AEF9072AD674C100435510 /* ViewController.swift in Sources */,
				90AEF9032AD674C100435510 /* AppDelegate.swift in Sources */,
				906992F12ADB72CC000F75BE /* TodoList.swift in Sources */,
				90AEF9052AD674C100435510 /* SceneDelegate.swift in Sources */,
				906D32092AD816E500F993AC /* TodoCell.swift in Sources */,
				906D320C2AD818E900F993AC /* Todo.swift in Sources */,
				90D6AA1D2B1342AB0095B52C /* File.swift in Sources */,
				90D3509F2ADA6B740041665C /* TodoDetailViewController.swift in Sources */,
			);
			runOnlyForDeploymentPostprocessing = 0;
		};
/* End PBXSourcesBuildPhase section */

/* Begin PBXVariantGroup section */
		90AEF90D2AD674C200435510 /* LaunchScreen.storyboard */ = {
			isa = PBXVariantGroup;
			children = (
				90AEF90E2AD674C200435510 /* Base */,
			);
			name = LaunchScreen.storyboard;
			sourceTree = "<group>";
		};
/* End PBXVariantGroup section */

/* Begin XCBuildConfiguration section */
		90AEF9112AD674C200435510 /* Debug */ = {
			isa = XCBuildConfiguration;
			buildSettings = {
				ALWAYS_SEARCH_USER_PATHS = NO;
				ASSETCATALOG_COMPILER_GENERATE_SWIFT_ASSET_SYMBOL_EXTENSIONS = YES;
				CLANG_ANALYZER_NONNULL = YES;
				CLANG_ANALYZER_NUMBER_OBJECT_CONVERSION = YES_AGGRESSIVE;
				CLANG_CXX_LANGUAGE_STANDARD = "gnu++20";
				CLANG_ENABLE_MODULES = YES;
				CLANG_ENABLE_OBJC_ARC = YES;
				CLANG_ENABLE_OBJC_WEAK = YES;
				CLANG_WARN_BLOCK_CAPTURE_AUTORELEASING = YES;
				CLANG_WARN_BOOL_CONVERSION = YES;
				CLANG_WARN_COMMA = YES;
				CLANG_WARN_CONSTANT_CONVERSION = YES;
				CLANG_WARN_DEPRECATED_OBJC_IMPLEMENTATIONS = YES;
				CLANG_WARN_DIRECT_OBJC_ISA_USAGE = YES_ERROR;
				CLANG_WARN_DOCUMENTATION_COMMENTS = YES;
				CLANG_WARN_EMPTY_BODY = YES;
				CLANG_WARN_ENUM_CONVERSION = YES;
				CLANG_WARN_INFINITE_RECURSION = YES;
				CLANG_WARN_INT_CONVERSION = YES;
				CLANG_WARN_NON_LITERAL_NULL_CONVERSION = YES;
				CLANG_WARN_OBJC_IMPLICIT_RETAIN_SELF = YES;
				CLANG_WARN_OBJC_LITERAL_CONVERSION = YES;
				CLANG_WARN_OBJC_ROOT_CLASS = YES_ERROR;
				CLANG_WARN_QUOTED_INCLUDE_IN_FRAMEWORK_HEADER = YES;
				CLANG_WARN_RANGE_LOOP_ANALYSIS = YES;
				CLANG_WARN_STRICT_PROTOTYPES = YES;
				CLANG_WARN_SUSPICIOUS_MOVE = YES;
				CLANG_WARN_UNGUARDED_AVAILABILITY = YES_AGGRESSIVE;
				CLANG_WARN_UNREACHABLE_CODE = YES;
				CLANG_WARN__DUPLICATE_METHOD_MATCH = YES;
				COPY_PHASE_STRIP = NO;
				DEBUG_INFORMATION_FORMAT = dwarf;
				ENABLE_STRICT_OBJC_MSGSEND = YES;
				ENABLE_TESTABILITY = YES;
				ENABLE_USER_SCRIPT_SANDBOXING = YES;
				GCC_C_LANGUAGE_STANDARD = gnu17;
				GCC_DYNAMIC_NO_PIC = NO;
				GCC_NO_COMMON_BLOCKS = YES;
				GCC_OPTIMIZATION_LEVEL = 0;
				GCC_PREPROCESSOR_DEFINITIONS = (
					"DEBUG=1",
					"$(inherited)",
				);
				GCC_WARN_64_TO_32_BIT_CONVERSION = YES;
				GCC_WARN_ABOUT_RETURN_TYPE = YES_ERROR;
				GCC_WARN_UNDECLARED_SELECTOR = YES;
				GCC_WARN_UNINITIALIZED_AUTOS = YES_AGGRESSIVE;
				GCC_WARN_UNUSED_FUNCTION = YES;
				GCC_WARN_UNUSED_VARIABLE = YES;
				IPHONEOS_DEPLOYMENT_TARGET = 13.0;
				LOCALIZATION_PREFERS_STRING_CATALOGS = YES;
				MTL_ENABLE_DEBUG_INFO = INCLUDE_SOURCE;
				MTL_FAST_MATH = YES;
				ONLY_ACTIVE_ARCH = YES;
				SDKROOT = iphoneos;
				SWIFT_ACTIVE_COMPILATION_CONDITIONS = "DEBUG $(inherited)";
				SWIFT_OPTIMIZATION_LEVEL = "-Onone";
			};
			name = Debug;
		};
		90AEF9122AD674C200435510 /* Release */ = {
			isa = XCBuildConfiguration;
			buildSettings = {
				ALWAYS_SEARCH_USER_PATHS = NO;
				ASSETCATALOG_COMPILER_GENERATE_SWIFT_ASSET_SYMBOL_EXTENSIONS = YES;
				CLANG_ANALYZER_NONNULL = YES;
				CLANG_ANALYZER_NUMBER_OBJECT_CONVERSION = YES_AGGRESSIVE;
				CLANG_CXX_LANGUAGE_STANDARD = "gnu++20";
				CLANG_ENABLE_MODULES = YES;
				CLANG_ENABLE_OBJC_ARC = YES;
				CLANG_ENABLE_OBJC_WEAK = YES;
				CLANG_WARN_BLOCK_CAPTURE_AUTORELEASING = YES;
				CLANG_WARN_BOOL_CONVERSION = YES;
				CLANG_WARN_COMMA = YES;
				CLANG_WARN_CONSTANT_CONVERSION = YES;
				CLANG_WARN_DEPRECATED_OBJC_IMPLEMENTATIONS = YES;
				CLANG_WARN_DIRECT_OBJC_ISA_USAGE = YES_ERROR;
				CLANG_WARN_DOCUMENTATION_COMMENTS = YES;
				CLANG_WARN_EMPTY_BODY = YES;
				CLANG_WARN_ENUM_CONVERSION = YES;
				CLANG_WARN_INFINITE_RECURSION = YES;
				CLANG_WARN_INT_CONVERSION = YES;
				CLANG_WARN_NON_LITERAL_NULL_CONVERSION = YES;
				CLANG_WARN_OBJC_IMPLICIT_RETAIN_SELF = YES;
				CLANG_WARN_OBJC_LITERAL_CONVERSION = YES;
				CLANG_WARN_OBJC_ROOT_CLASS = YES_ERROR;
				CLANG_WARN_QUOTED_INCLUDE_IN_FRAMEWORK_HEADER = YES;
				CLANG_WARN_RANGE_LOOP_ANALYSIS = YES;
				CLANG_WARN_STRICT_PROTOTYPES = YES;
				CLANG_WARN_SUSPICIOUS_MOVE = YES;
				CLANG_WARN_UNGUARDED_AVAILABILITY = YES_AGGRESSIVE;
				CLANG_WARN_UNREACHABLE_CODE = YES;
				CLANG_WARN__DUPLICATE_METHOD_MATCH = YES;
				COPY_PHASE_STRIP = NO;
				DEBUG_INFORMATION_FORMAT = "dwarf-with-dsym";
				ENABLE_NS_ASSERTIONS = NO;
				ENABLE_STRICT_OBJC_MSGSEND = YES;
				ENABLE_USER_SCRIPT_SANDBOXING = YES;
				GCC_C_LANGUAGE_STANDARD = gnu17;
				GCC_NO_COMMON_BLOCKS = YES;
				GCC_WARN_64_TO_32_BIT_CONVERSION = YES;
				GCC_WARN_ABOUT_RETURN_TYPE = YES_ERROR;
				GCC_WARN_UNDECLARED_SELECTOR = YES;
				GCC_WARN_UNINITIALIZED_AUTOS = YES_AGGRESSIVE;
				GCC_WARN_UNUSED_FUNCTION = YES;
				GCC_WARN_UNUSED_VARIABLE = YES;
				IPHONEOS_DEPLOYMENT_TARGET = 13.0;
				LOCALIZATION_PREFERS_STRING_CATALOGS = YES;
				MTL_ENABLE_DEBUG_INFO = NO;
				MTL_FAST_MATH = YES;
				SDKROOT = iphoneos;
				SWIFT_COMPILATION_MODE = wholemodule;
				VALIDATE_PRODUCT = YES;
			};
			name = Release;
		};
		90AEF9142AD674C200435510 /* Debug */ = {
			isa = XCBuildConfiguration;
			buildSettings = {
				ASSETCATALOG_COMPILER_APPICON_NAME = AppIcon;
				ASSETCATALOG_COMPILER_GLOBAL_ACCENT_COLOR_NAME = AccentColor;
				CODE_SIGN_STYLE = Automatic;
				CURRENT_PROJECT_VERSION = 1;
				DEVELOPMENT_TEAM = 26TTJCC6C2;
				GENERATE_INFOPLIST_FILE = YES;
				INFOPLIST_FILE = DiffableToDoList/Info.plist;
				INFOPLIST_KEY_UIApplicationSupportsIndirectInputEvents = YES;
				INFOPLIST_KEY_UILaunchStoryboardName = LaunchScreen;
				INFOPLIST_KEY_UISupportedInterfaceOrientations = UIInterfaceOrientationPortrait;
				INFOPLIST_KEY_UISupportedInterfaceOrientations_iPad = "UIInterfaceOrientationLandscapeLeft UIInterfaceOrientationLandscapeRight UIInterfaceOrientationPortrait UIInterfaceOrientationPortraitUpsideDown";
				LD_RUNPATH_SEARCH_PATHS = (
					"$(inherited)",
					"@executable_path/Frameworks",
				);
				MARKETING_VERSION = 1.0;
				PRODUCT_BUNDLE_IDENTIFIER = developer.Nick.DiffableToDoList;
				PRODUCT_NAME = "$(TARGET_NAME)";
				SUPPORTED_PLATFORMS = "iphoneos iphonesimulator";
				SUPPORTS_MACCATALYST = NO;
				SUPPORTS_MAC_DESIGNED_FOR_IPHONE_IPAD = NO;
				SWIFT_EMIT_LOC_STRINGS = YES;
				SWIFT_VERSION = 5.0;
				TARGETED_DEVICE_FAMILY = 1;
			};
			name = Debug;
		};
		90AEF9152AD674C200435510 /* Release */ = {
			isa = XCBuildConfiguration;
			buildSettings = {
				ASSETCATALOG_COMPILER_APPICON_NAME = AppIcon;
				ASSETCATALOG_COMPILER_GLOBAL_ACCENT_COLOR_NAME = AccentColor;
				CODE_SIGN_STYLE = Automatic;
				CURRENT_PROJECT_VERSION = 1;
				DEVELOPMENT_TEAM = 26TTJCC6C2;
				GENERATE_INFOPLIST_FILE = YES;
				INFOPLIST_FILE = DiffableToDoList/Info.plist;
				INFOPLIST_KEY_UIApplicationSupportsIndirectInputEvents = YES;
				INFOPLIST_KEY_UILaunchStoryboardName = LaunchScreen;
				INFOPLIST_KEY_UISupportedInterfaceOrientations = UIInterfaceOrientationPortrait;
				INFOPLIST_KEY_UISupportedInterfaceOrientations_iPad = "UIInterfaceOrientationLandscapeLeft UIInterfaceOrientationLandscapeRight UIInterfaceOrientationPortrait UIInterfaceOrientationPortraitUpsideDown";
				LD_RUNPATH_SEARCH_PATHS = (
					"$(inherited)",
					"@executable_path/Frameworks",
				);
				MARKETING_VERSION = 1.0;
				PRODUCT_BUNDLE_IDENTIFIER = developer.Nick.DiffableToDoList;
				PRODUCT_NAME = "$(TARGET_NAME)";
				SUPPORTED_PLATFORMS = "iphoneos iphonesimulator";
				SUPPORTS_MACCATALYST = NO;
				SUPPORTS_MAC_DESIGNED_FOR_IPHONE_IPAD = NO;
				SWIFT_EMIT_LOC_STRINGS = YES;
				SWIFT_VERSION = 5.0;
				TARGETED_DEVICE_FAMILY = 1;
			};
			name = Release;
		};
/* End XCBuildConfiguration section */

/* Begin XCConfigurationList section */
		90AEF8FA2AD674C100435510 /* Build configuration list for PBXProject "DiffableToDoList" */ = {
			isa = XCConfigurationList;
			buildConfigurations = (
				90AEF9112AD674C200435510 /* Debug */,
				90AEF9122AD674C200435510 /* Release */,
			);
			defaultConfigurationIsVisible = 0;
			defaultConfigurationName = Release;
		};
		90AEF9132AD674C200435510 /* Build configuration list for PBXNativeTarget "DiffableToDoList" */ = {
			isa = XCConfigurationList;
			buildConfigurations = (
				90AEF9142AD674C200435510 /* Debug */,
				90AEF9152AD674C200435510 /* Release */,
			);
			defaultConfigurationIsVisible = 0;
			defaultConfigurationName = Release;
		};
/* End XCConfigurationList section */
	};
	rootObject = 90AEF8F72AD674C100435510 /* Project object */;
}
