// !$*UTF8*$!
{
	archiveVersion = 1;
	classes = {
	};
	objectVersion = 56;
	objects = {

/* Begin PBXBuildFile section */
		013D6DD92A456FFB000103E6 /* PopupView.swift in Sources */ = {isa = PBXBuildFile; fileRef = 013D6DD82A456FFB000103E6 /* PopupView.swift */; };
		01A4D6A12A3837F1001D724C /* KAKAOWebViewController.swift in Sources */ = {isa = PBXBuildFile; fileRef = 01A4D6A02A3837F1001D724C /* KAKAOWebViewController.swift */; };
		01C6AA4A2A36F42A00422C01 /* AppDelegate.swift in Sources */ = {isa = PBXBuildFile; fileRef = 01C6AA492A36F42A00422C01 /* AppDelegate.swift */; };
		01C6AA4C2A36F42A00422C01 /* SceneDelegate.swift in Sources */ = {isa = PBXBuildFile; fileRef = 01C6AA4B2A36F42A00422C01 /* SceneDelegate.swift */; };
		01C6AA4E2A36F42A00422C01 /* ViewController.swift in Sources */ = {isa = PBXBuildFile; fileRef = 01C6AA4D2A36F42A00422C01 /* ViewController.swift */; };
		01C6AA512A36F42A00422C01 /* Main.storyboard in Resources */ = {isa = PBXBuildFile; fileRef = 01C6AA4F2A36F42A00422C01 /* Main.storyboard */; };
		01C6AA532A36F42C00422C01 /* Assets.xcassets in Resources */ = {isa = PBXBuildFile; fileRef = 01C6AA522A36F42C00422C01 /* Assets.xcassets */; };
		01C6AA562A36F42C00422C01 /* LaunchScreen.storyboard in Resources */ = {isa = PBXBuildFile; fileRef = 01C6AA542A36F42C00422C01 /* LaunchScreen.storyboard */; };
		01C6AA5F2A36F4EA00422C01 /* WebKit.framework in Frameworks */ = {isa = PBXBuildFile; fileRef = 01C6AA5E2A36F4EA00422C01 /* WebKit.framework */; };
		01C6AA612A37012F00422C01 /* WebViewController.swift in Sources */ = {isa = PBXBuildFile; fileRef = 01C6AA602A37012F00422C01 /* WebViewController.swift */; };
/* End PBXBuildFile section */

/* Begin PBXFileReference section */
		013D6DD82A456FFB000103E6 /* PopupView.swift */ = {isa = PBXFileReference; lastKnownFileType = sourcecode.swift; path = PopupView.swift; sourceTree = "<group>"; };
		01A4D6A02A3837F1001D724C /* KAKAOWebViewController.swift */ = {isa = PBXFileReference; lastKnownFileType = sourcecode.swift; path = KAKAOWebViewController.swift; sourceTree = "<group>"; };
		01C6AA462A36F42A00422C01 /* WebViewPractice.app */ = {isa = PBXFileReference; explicitFileType = wrapper.application; includeInIndex = 0; path = WebViewPractice.app; sourceTree = BUILT_PRODUCTS_DIR; };
		01C6AA492A36F42A00422C01 /* AppDelegate.swift */ = {isa = PBXFileReference; lastKnownFileType = sourcecode.swift; path = AppDelegate.swift; sourceTree = "<group>"; };
		01C6AA4B2A36F42A00422C01 /* SceneDelegate.swift */ = {isa = PBXFileReference; lastKnownFileType = sourcecode.swift; path = SceneDelegate.swift; sourceTree = "<group>"; };
		01C6AA4D2A36F42A00422C01 /* ViewController.swift */ = {isa = PBXFileReference; lastKnownFileType = sourcecode.swift; path = ViewController.swift; sourceTree = "<group>"; };
		01C6AA502A36F42A00422C01 /* Base */ = {isa = PBXFileReference; lastKnownFileType = file.storyboard; name = Base; path = Base.lproj/Main.storyboard; sourceTree = "<group>"; };
		01C6AA522A36F42C00422C01 /* Assets.xcassets */ = {isa = PBXFileReference; lastKnownFileType = folder.assetcatalog; path = Assets.xcassets; sourceTree = "<group>"; };
		01C6AA552A36F42C00422C01 /* Base */ = {isa = PBXFileReference; lastKnownFileType = file.storyboard; name = Base; path = Base.lproj/LaunchScreen.storyboard; sourceTree = "<group>"; };
		01C6AA572A36F42C00422C01 /* Info.plist */ = {isa = PBXFileReference; lastKnownFileType = text.plist.xml; path = Info.plist; sourceTree = "<group>"; };
		01C6AA5E2A36F4EA00422C01 /* WebKit.framework */ = {isa = PBXFileReference; lastKnownFileType = wrapper.framework; name = WebKit.framework; path = System/Library/Frameworks/WebKit.framework; sourceTree = SDKROOT; };
		01C6AA602A37012F00422C01 /* WebViewController.swift */ = {isa = PBXFileReference; lastKnownFileType = sourcecode.swift; path = WebViewController.swift; sourceTree = "<group>"; };
/* End PBXFileReference section */

/* Begin PBXFrameworksBuildPhase section */
		01C6AA432A36F42A00422C01 /* Frameworks */ = {
			isa = PBXFrameworksBuildPhase;
			buildActionMask = 2147483647;
			files = (
				01C6AA5F2A36F4EA00422C01 /* WebKit.framework in Frameworks */,
			);
			runOnlyForDeploymentPostprocessing = 0;
		};
/* End PBXFrameworksBuildPhase section */

/* Begin PBXGroup section */
		01C6AA3D2A36F42A00422C01 = {
			isa = PBXGroup;
			children = (
				01C6AA482A36F42A00422C01 /* WebViewPractice */,
				01C6AA472A36F42A00422C01 /* Products */,
				01C6AA5D2A36F4EA00422C01 /* Frameworks */,
			);
			sourceTree = "<group>";
		};
		01C6AA472A36F42A00422C01 /* Products */ = {
			isa = PBXGroup;
			children = (
				01C6AA462A36F42A00422C01 /* WebViewPractice.app */,
			);
			name = Products;
			sourceTree = "<group>";
		};
		01C6AA482A36F42A00422C01 /* WebViewPractice */ = {
			isa = PBXGroup;
			children = (
				01C6AA492A36F42A00422C01 /* AppDelegate.swift */,
				01C6AA4B2A36F42A00422C01 /* SceneDelegate.swift */,
				01C6AA4D2A36F42A00422C01 /* ViewController.swift */,
				01C6AA602A37012F00422C01 /* WebViewController.swift */,
				01A4D6A02A3837F1001D724C /* KAKAOWebViewController.swift */,
				013D6DD82A456FFB000103E6 /* PopupView.swift */,
				01C6AA4F2A36F42A00422C01 /* Main.storyboard */,
				01C6AA522A36F42C00422C01 /* Assets.xcassets */,
				01C6AA542A36F42C00422C01 /* LaunchScreen.storyboard */,
				01C6AA572A36F42C00422C01 /* Info.plist */,
			);
			path = WebViewPractice;
			sourceTree = "<group>";
		};
		01C6AA5D2A36F4EA00422C01 /* Frameworks */ = {
			isa = PBXGroup;
			children = (
				01C6AA5E2A36F4EA00422C01 /* WebKit.framework */,
			);
			name = Frameworks;
			sourceTree = "<group>";
		};
/* End PBXGroup section */

/* Begin PBXNativeTarget section */
		01C6AA452A36F42A00422C01 /* WebViewPractice */ = {
			isa = PBXNativeTarget;
			buildConfigurationList = 01C6AA5A2A36F42C00422C01 /* Build configuration list for PBXNativeTarget "WebViewPractice" */;
			buildPhases = (
				01C6AA422A36F42A00422C01 /* Sources */,
				01C6AA432A36F42A00422C01 /* Frameworks */,
				01C6AA442A36F42A00422C01 /* Resources */,
			);
			buildRules = (
			);
			dependencies = (
			);
			name = WebViewPractice;
			productName = WebViewPractice;
			productReference = 01C6AA462A36F42A00422C01 /* WebViewPractice.app */;
			productType = "com.apple.product-type.application";
		};
/* End PBXNativeTarget section */

/* Begin PBXProject section */
		01C6AA3E2A36F42A00422C01 /* Project object */ = {
			isa = PBXProject;
			attributes = {
				BuildIndependentTargetsInParallel = 1;
				LastSwiftUpdateCheck = 1430;
				LastUpgradeCheck = 1430;
				TargetAttributes = {
					01C6AA452A36F42A00422C01 = {
						CreatedOnToolsVersion = 14.3.1;
					};
				};
			};
			buildConfigurationList = 01C6AA412A36F42A00422C01 /* Build configuration list for PBXProject "WebViewPractice" */;
			compatibilityVersion = "Xcode 14.0";
			developmentRegion = en;
			hasScannedForEncodings = 0;
			knownRegions = (
				en,
				Base,
			);
			mainGroup = 01C6AA3D2A36F42A00422C01;
			productRefGroup = 01C6AA472A36F42A00422C01 /* Products */;
			projectDirPath = "";
			projectRoot = "";
			targets = (
				01C6AA452A36F42A00422C01 /* WebViewPractice */,
			);
		};
/* End PBXProject section */

/* Begin PBXResourcesBuildPhase section */
		01C6AA442A36F42A00422C01 /* Resources */ = {
			isa = PBXResourcesBuildPhase;
			buildActionMask = 2147483647;
			files = (
				01C6AA562A36F42C00422C01 /* LaunchScreen.storyboard in Resources */,
				01C6AA532A36F42C00422C01 /* Assets.xcassets in Resources */,
				01C6AA512A36F42A00422C01 /* Main.storyboard in Resources */,
			);
			runOnlyForDeploymentPostprocessing = 0;
		};
/* End PBXResourcesBuildPhase section */

/* Begin PBXSourcesBuildPhase section */
		01C6AA422A36F42A00422C01 /* Sources */ = {
			isa = PBXSourcesBuildPhase;
			buildActionMask = 2147483647;
			files = (
				01C6AA4E2A36F42A00422C01 /* ViewController.swift in Sources */,
				013D6DD92A456FFB000103E6 /* PopupView.swift in Sources */,
				01C6AA4A2A36F42A00422C01 /* AppDelegate.swift in Sources */,
				01C6AA4C2A36F42A00422C01 /* SceneDelegate.swift in Sources */,
				01C6AA612A37012F00422C01 /* WebViewController.swift in Sources */,
				01A4D6A12A3837F1001D724C /* KAKAOWebViewController.swift in Sources */,
			);
			runOnlyForDeploymentPostprocessing = 0;
		};
/* End PBXSourcesBuildPhase section */

/* Begin PBXVariantGroup section */
		01C6AA4F2A36F42A00422C01 /* Main.storyboard */ = {
			isa = PBXVariantGroup;
			children = (
				01C6AA502A36F42A00422C01 /* Base */,
			);
			name = Main.storyboard;
			sourceTree = "<group>";
		};
		01C6AA542A36F42C00422C01 /* LaunchScreen.storyboard */ = {
			isa = PBXVariantGroup;
			children = (
				01C6AA552A36F42C00422C01 /* Base */,
			);
			name = LaunchScreen.storyboard;
			sourceTree = "<group>";
		};
/* End PBXVariantGroup section */

/* Begin XCBuildConfiguration section */
		01C6AA582A36F42C00422C01 /* Debug */ = {
			isa = XCBuildConfiguration;
			buildSettings = {
				ALWAYS_SEARCH_USER_PATHS = NO;
				CLANG_ANALYZER_NONNULL = YES;
				CLANG_ANALYZER_NUMBER_OBJECT_CONVERSION = YES_AGGRESSIVE;
				CLANG_CXX_LANGUAGE_STANDARD = "gnu++20";
				CLANG_ENABLE_MODULES = YES;
				CLANG_ENABLE_OBJC_ARC = YES;
				CLANG_ENABLE_OBJC_WEAK = YES;
				CLANG_WARN_BLOCK_CAPTURE_AUTORELEASING = YES;
				CLANG_WARN_BOOL_CONVERSION = YES;
				CLANG_WARN_COMMA = YES;
				CLANG_WARN_CONSTANT_CONVERSION = YES;
				CLANG_WARN_DEPRECATED_OBJC_IMPLEMENTATIONS = YES;
				CLANG_WARN_DIRECT_OBJC_ISA_USAGE = YES_ERROR;
				CLANG_WARN_DOCUMENTATION_COMMENTS = YES;
				CLANG_WARN_EMPTY_BODY = YES;
				CLANG_WARN_ENUM_CONVERSION = YES;
				CLANG_WARN_INFINITE_RECURSION = YES;
				CLANG_WARN_INT_CONVERSION = YES;
				CLANG_WARN_NON_LITERAL_NULL_CONVERSION = YES;
				CLANG_WARN_OBJC_IMPLICIT_RETAIN_SELF = YES;
				CLANG_WARN_OBJC_LITERAL_CONVERSION = YES;
				CLANG_WARN_OBJC_ROOT_CLASS = YES_ERROR;
				CLANG_WARN_QUOTED_INCLUDE_IN_FRAMEWORK_HEADER = YES;
				CLANG_WARN_RANGE_LOOP_ANALYSIS = YES;
				CLANG_WARN_STRICT_PROTOTYPES = YES;
				CLANG_WARN_SUSPICIOUS_MOVE = YES;
				CLANG_WARN_UNGUARDED_AVAILABILITY = YES_AGGRESSIVE;
				CLANG_WARN_UNREACHABLE_CODE = YES;
				CLANG_WARN__DUPLICATE_METHOD_MATCH = YES;
				COPY_PHASE_STRIP = NO;
				DEBUG_INFORMATION_FORMAT = dwarf;
				ENABLE_STRICT_OBJC_MSGSEND = YES;
				ENABLE_TESTABILITY = YES;
				GCC_C_LANGUAGE_STANDARD = gnu11;
				GCC_DYNAMIC_NO_PIC = NO;
				GCC_NO_COMMON_BLOCKS = YES;
				GCC_OPTIMIZATION_LEVEL = 0;
				GCC_PREPROCESSOR_DEFINITIONS = (
					"DEBUG=1",
					"$(inherited)",
				);
				GCC_WARN_64_TO_32_BIT_CONVERSION = YES;
				GCC_WARN_ABOUT_RETURN_TYPE = YES_ERROR;
				GCC_WARN_UNDECLARED_SELECTOR = YES;
				GCC_WARN_UNINITIALIZED_AUTOS = YES_AGGRESSIVE;
				GCC_WARN_UNUSED_FUNCTION = YES;
				GCC_WARN_UNUSED_VARIABLE = YES;
				IPHONEOS_DEPLOYMENT_TARGET = 16.4;
				MTL_ENABLE_DEBUG_INFO = INCLUDE_SOURCE;
				MTL_FAST_MATH = YES;
				ONLY_ACTIVE_ARCH = YES;
				SDKROOT = iphoneos;
				SWIFT_ACTIVE_COMPILATION_CONDITIONS = DEBUG;
				SWIFT_OPTIMIZATION_LEVEL = "-Onone";
			};
			name = Debug;
		};
		01C6AA592A36F42C00422C01 /* Release */ = {
			isa = XCBuildConfiguration;
			buildSettings = {
				ALWAYS_SEARCH_USER_PATHS = NO;
				CLANG_ANALYZER_NONNULL = YES;
				CLANG_ANALYZER_NUMBER_OBJECT_CONVERSION = YES_AGGRESSIVE;
				CLANG_CXX_LANGUAGE_STANDARD = "gnu++20";
				CLANG_ENABLE_MODULES = YES;
				CLANG_ENABLE_OBJC_ARC = YES;
				CLANG_ENABLE_OBJC_WEAK = YES;
				CLANG_WARN_BLOCK_CAPTURE_AUTORELEASING = YES;
				CLANG_WARN_BOOL_CONVERSION = YES;
				CLANG_WARN_COMMA = YES;
				CLANG_WARN_CONSTANT_CONVERSION = YES;
				CLANG_WARN_DEPRECATED_OBJC_IMPLEMENTATIONS = YES;
				CLANG_WARN_DIRECT_OBJC_ISA_USAGE = YES_ERROR;
				CLANG_WARN_DOCUMENTATION_COMMENTS = YES;
				CLANG_WARN_EMPTY_BODY = YES;
				CLANG_WARN_ENUM_CONVERSION = YES;
				CLANG_WARN_INFINITE_RECURSION = YES;
				CLANG_WARN_INT_CONVERSION = YES;
				CLANG_WARN_NON_LITERAL_NULL_CONVERSION = YES;
				CLANG_WARN_OBJC_IMPLICIT_RETAIN_SELF = YES;
				CLANG_WARN_OBJC_LITERAL_CONVERSION = YES;
				CLANG_WARN_OBJC_ROOT_CLASS = YES_ERROR;
				CLANG_WARN_QUOTED_INCLUDE_IN_FRAMEWORK_HEADER = YES;
				CLANG_WARN_RANGE_LOOP_ANALYSIS = YES;
				CLANG_WARN_STRICT_PROTOTYPES = YES;
				CLANG_WARN_SUSPICIOUS_MOVE = YES;
				CLANG_WARN_UNGUARDED_AVAILABILITY = YES_AGGRESSIVE;
				CLANG_WARN_UNREACHABLE_CODE = YES;
				CLANG_WARN__DUPLICATE_METHOD_MATCH = YES;
				COPY_PHASE_STRIP = NO;
				DEBUG_INFORMATION_FORMAT = "dwarf-with-dsym";
				ENABLE_NS_ASSERTIONS = NO;
				ENABLE_STRICT_OBJC_MSGSEND = YES;
				GCC_C_LANGUAGE_STANDARD = gnu11;
				GCC_NO_COMMON_BLOCKS = YES;
				GCC_WARN_64_TO_32_BIT_CONVERSION = YES;
				GCC_WARN_ABOUT_RETURN_TYPE = YES_ERROR;
				GCC_WARN_UNDECLARED_SELECTOR = YES;
				GCC_WARN_UNINITIALIZED_AUTOS = YES_AGGRESSIVE;
				GCC_WARN_UNUSED_FUNCTION = YES;
				GCC_WARN_UNUSED_VARIABLE = YES;
				IPHONEOS_DEPLOYMENT_TARGET = 16.4;
				MTL_ENABLE_DEBUG_INFO = NO;
				MTL_FAST_MATH = YES;
				SDKROOT = iphoneos;
				SWIFT_COMPILATION_MODE = wholemodule;
				SWIFT_OPTIMIZATION_LEVEL = "-O";
				VALIDATE_PRODUCT = YES;
			};
			name = Release;
		};
		01C6AA5B2A36F42C00422C01 /* Debug */ = {
			isa = XCBuildConfiguration;
			buildSettings = {
				ASSETCATALOG_COMPILER_APPICON_NAME = AppIcon;
				ASSETCATALOG_COMPILER_GLOBAL_ACCENT_COLOR_NAME = AccentColor;
				CODE_SIGN_STYLE = Automatic;
				CURRENT_PROJECT_VERSION = 1;
				GENERATE_INFOPLIST_FILE = YES;
				INFOPLIST_FILE = WebViewPractice/Info.plist;
				INFOPLIST_KEY_UIApplicationSupportsIndirectInputEvents = YES;
				INFOPLIST_KEY_UILaunchStoryboardName = LaunchScreen;
				INFOPLIST_KEY_UIMainStoryboardFile = Main;
				INFOPLIST_KEY_UISupportedInterfaceOrientations_iPad = "UIInterfaceOrientationPortrait UIInterfaceOrientationPortraitUpsideDown UIInterfaceOrientationLandscapeLeft UIInterfaceOrientationLandscapeRight";
				INFOPLIST_KEY_UISupportedInterfaceOrientations_iPhone = "UIInterfaceOrientationPortrait UIInterfaceOrientationLandscapeLeft UIInterfaceOrientationLandscapeRight";
				LD_RUNPATH_SEARCH_PATHS = (
					"$(inherited)",
					"@executable_path/Frameworks",
				);
				MARKETING_VERSION = 1.0;
				PRODUCT_BUNDLE_IDENTIFIER = com.pmgk.WebViewPractice;
				PRODUCT_NAME = "$(TARGET_NAME)";
				SWIFT_EMIT_LOC_STRINGS = YES;
				SWIFT_VERSION = 5.0;
				TARGETED_DEVICE_FAMILY = "1,2";
			};
			name = Debug;
		};
		01C6AA5C2A36F42C00422C01 /* Release */ = {
			isa = XCBuildConfiguration;
			buildSettings = {
				ASSETCATALOG_COMPILER_APPICON_NAME = AppIcon;
				ASSETCATALOG_COMPILER_GLOBAL_ACCENT_COLOR_NAME = AccentColor;
				CODE_SIGN_STYLE = Automatic;
				CURRENT_PROJECT_VERSION = 1;
				GENERATE_INFOPLIST_FILE = YES;
				INFOPLIST_FILE = WebViewPractice/Info.plist;
				INFOPLIST_KEY_UIApplicationSupportsIndirectInputEvents = YES;
				INFOPLIST_KEY_UILaunchStoryboardName = LaunchScreen;
				INFOPLIST_KEY_UIMainStoryboardFile = Main;
				INFOPLIST_KEY_UISupportedInterfaceOrientations_iPad = "UIInterfaceOrientationPortrait UIInterfaceOrientationPortraitUpsideDown UIInterfaceOrientationLandscapeLeft UIInterfaceOrientationLandscapeRight";
				INFOPLIST_KEY_UISupportedInterfaceOrientations_iPhone = "UIInterfaceOrientationPortrait UIInterfaceOrientationLandscapeLeft UIInterfaceOrientationLandscapeRight";
				LD_RUNPATH_SEARCH_PATHS = (
					"$(inherited)",
					"@executable_path/Frameworks",
				);
				MARKETING_VERSION = 1.0;
				PRODUCT_BUNDLE_IDENTIFIER = com.pmgk.WebViewPractice;
				PRODUCT_NAME = "$(TARGET_NAME)";
				SWIFT_EMIT_LOC_STRINGS = YES;
				SWIFT_VERSION = 5.0;
				TARGETED_DEVICE_FAMILY = "1,2";
			};
			name = Release;
		};
/* End XCBuildConfiguration section */

/* Begin XCConfigurationList section */
		01C6AA412A36F42A00422C01 /* Build configuration list for PBXProject "WebViewPractice" */ = {
			isa = XCConfigurationList;
			buildConfigurations = (
				01C6AA582A36F42C00422C01 /* Debug */,
				01C6AA592A36F42C00422C01 /* Release */,
			);
			defaultConfigurationIsVisible = 0;
			defaultConfigurationName = Release;
		};
		01C6AA5A2A36F42C00422C01 /* Build configuration list for PBXNativeTarget "WebViewPractice" */ = {
			isa = XCConfigurationList;
			buildConfigurations = (
				01C6AA5B2A36F42C00422C01 /* Debug */,
				01C6AA5C2A36F42C00422C01 /* Release */,
			);
			defaultConfigurationIsVisible = 0;
			defaultConfigurationName = Release;
		};
/* End XCConfigurationList section */
	};
	rootObject = 01C6AA3E2A36F42A00422C01 /* Project object */;
}
