// !$*UTF8*$!
{
	archiveVersion = 1;
	classes = {
	};
	objectVersion = 56;
	objects = {

/* Begin PBXBuildFile section */
		013D6DC52A455A1E000103E6 /* AppDelegate.swift in Sources */ = {isa = PBXBuildFile; fileRef = 013D6DC42A455A1E000103E6 /* AppDelegate.swift */; };
		013D6DC72A455A1E000103E6 /* SceneDelegate.swift in Sources */ = {isa = PBXBuildFile; fileRef = 013D6DC62A455A1E000103E6 /* SceneDelegate.swift */; };
		013D6DCE2A455A21000103E6 /* Assets.xcassets in Resources */ = {isa = PBXBuildFile; fileRef = 013D6DCD2A455A21000103E6 /* Assets.xcassets */; };
		013D6DD12A455A21000103E6 /* LaunchScreen.storyboard in Resources */ = {isa = PBXBuildFile; fileRef = 013D6DCF2A455A21000103E6 /* LaunchScreen.storyboard */; };
		019999002A4958060059C9FA /* SnapKit in Frameworks */ = {isa = PBXBuildFile; productRef = 019998FF2A4958060059C9FA /* SnapKit */; };
		019999032A495A670059C9FA /* Then in Frameworks */ = {isa = PBXBuildFile; productRef = 019999022A495A670059C9FA /* Then */; };
		019999052A495C7D0059C9FA /* HomeViewController.swift in Sources */ = {isa = PBXBuildFile; fileRef = 019999042A495C7D0059C9FA /* HomeViewController.swift */; };
		019999082A495DE70059C9FA /* SearchViewController.swift in Sources */ = {isa = PBXBuildFile; fileRef = 019999072A495DE70059C9FA /* SearchViewController.swift */; };
		0199990A2A495DF10059C9FA /* LocationViewController.swift in Sources */ = {isa = PBXBuildFile; fileRef = 019999092A495DF10059C9FA /* LocationViewController.swift */; };
		0199990C2A495DFA0059C9FA /* LikedViewController.swift in Sources */ = {isa = PBXBuildFile; fileRef = 0199990B2A495DFA0059C9FA /* LikedViewController.swift */; };
		0199990E2A495E000059C9FA /* ProfileViewController.swift in Sources */ = {isa = PBXBuildFile; fileRef = 0199990D2A495E000059C9FA /* ProfileViewController.swift */; };
		019999132A4973DA0059C9FA /* TabbarController.swift in Sources */ = {isa = PBXBuildFile; fileRef = 019999122A4973DA0059C9FA /* TabbarController.swift */; };
		01B6472F2A53F7B100AA161C /* LaunchScreenViewController.swift in Sources */ = {isa = PBXBuildFile; fileRef = 01B6472E2A53F7B100AA161C /* LaunchScreenViewController.swift */; };
/* End PBXBuildFile section */

/* Begin PBXFileReference section */
		013D6DC12A455A1E000103E6 /* YeogiEottaeClone.app */ = {isa = PBXFileReference; explicitFileType = wrapper.application; includeInIndex = 0; path = YeogiEottaeClone.app; sourceTree = BUILT_PRODUCTS_DIR; };
		013D6DC42A455A1E000103E6 /* AppDelegate.swift */ = {isa = PBXFileReference; lastKnownFileType = sourcecode.swift; path = AppDelegate.swift; sourceTree = "<group>"; };
		013D6DC62A455A1E000103E6 /* SceneDelegate.swift */ = {isa = PBXFileReference; lastKnownFileType = sourcecode.swift; path = SceneDelegate.swift; sourceTree = "<group>"; };
		013D6DCD2A455A21000103E6 /* Assets.xcassets */ = {isa = PBXFileReference; lastKnownFileType = folder.assetcatalog; path = Assets.xcassets; sourceTree = "<group>"; };
		013D6DD02A455A21000103E6 /* Base */ = {isa = PBXFileReference; lastKnownFileType = file.storyboard; name = Base; path = Base.lproj/LaunchScreen.storyboard; sourceTree = "<group>"; };
		013D6DD22A455A21000103E6 /* Info.plist */ = {isa = PBXFileReference; lastKnownFileType = text.plist.xml; path = Info.plist; sourceTree = "<group>"; };
		019999042A495C7D0059C9FA /* HomeViewController.swift */ = {isa = PBXFileReference; lastKnownFileType = sourcecode.swift; path = HomeViewController.swift; sourceTree = "<group>"; };
		019999072A495DE70059C9FA /* SearchViewController.swift */ = {isa = PBXFileReference; lastKnownFileType = sourcecode.swift; path = SearchViewController.swift; sourceTree = "<group>"; };
		019999092A495DF10059C9FA /* LocationViewController.swift */ = {isa = PBXFileReference; lastKnownFileType = sourcecode.swift; path = LocationViewController.swift; sourceTree = "<group>"; };
		0199990B2A495DFA0059C9FA /* LikedViewController.swift */ = {isa = PBXFileReference; lastKnownFileType = sourcecode.swift; path = LikedViewController.swift; sourceTree = "<group>"; };
		0199990D2A495E000059C9FA /* ProfileViewController.swift */ = {isa = PBXFileReference; lastKnownFileType = sourcecode.swift; path = ProfileViewController.swift; sourceTree = "<group>"; };
		019999122A4973DA0059C9FA /* TabbarController.swift */ = {isa = PBXFileReference; lastKnownFileType = sourcecode.swift; path = TabbarController.swift; sourceTree = "<group>"; };
		01B6472E2A53F7B100AA161C /* LaunchScreenViewController.swift */ = {isa = PBXFileReference; lastKnownFileType = sourcecode.swift; path = LaunchScreenViewController.swift; sourceTree = "<group>"; };
/* End PBXFileReference section */

/* Begin PBXFrameworksBuildPhase section */
		013D6DBE2A455A1E000103E6 /* Frameworks */ = {
			isa = PBXFrameworksBuildPhase;
			buildActionMask = 2147483647;
			files = (
				019999002A4958060059C9FA /* SnapKit in Frameworks */,
				019999032A495A670059C9FA /* Then in Frameworks */,
			);
			runOnlyForDeploymentPostprocessing = 0;
		};
/* End PBXFrameworksBuildPhase section */

/* Begin PBXGroup section */
		013D6DB82A455A1E000103E6 = {
			isa = PBXGroup;
			children = (
				013D6DC32A455A1E000103E6 /* YeogiEottaeClone */,
				013D6DC22A455A1E000103E6 /* Products */,
			);
			sourceTree = "<group>";
		};
		013D6DC22A455A1E000103E6 /* Products */ = {
			isa = PBXGroup;
			children = (
				013D6DC12A455A1E000103E6 /* YeogiEottaeClone.app */,
			);
			name = Products;
			sourceTree = "<group>";
		};
		013D6DC32A455A1E000103E6 /* YeogiEottaeClone */ = {
			isa = PBXGroup;
			children = (
				019999102A4971520059C9FA /* Source */,
				0199990F2A4971480059C9FA /* Resource */,
				013D6DD22A455A21000103E6 /* Info.plist */,
			);
			path = YeogiEottaeClone;
			sourceTree = "<group>";
		};
		019999062A495DD40059C9FA /* View */ = {
			isa = PBXGroup;
			children = (
				01B6472D2A53F5A500AA161C /* LaunchScreen */,
				01B6472C2A53F59800AA161C /* Home */,
				019999072A495DE70059C9FA /* SearchViewController.swift */,
				019999092A495DF10059C9FA /* LocationViewController.swift */,
				0199990B2A495DFA0059C9FA /* LikedViewController.swift */,
				0199990D2A495E000059C9FA /* ProfileViewController.swift */,
				019999122A4973DA0059C9FA /* TabbarController.swift */,
			);
			path = View;
			sourceTree = "<group>";
		};
		0199990F2A4971480059C9FA /* Resource */ = {
			isa = PBXGroup;
			children = (
				013D6DCD2A455A21000103E6 /* Assets.xcassets */,
			);
			path = Resource;
			sourceTree = "<group>";
		};
		019999102A4971520059C9FA /* Source */ = {
			isa = PBXGroup;
			children = (
				019999062A495DD40059C9FA /* View */,
				019999142A49747F0059C9FA /* App */,
			);
			path = Source;
			sourceTree = "<group>";
		};
		019999142A49747F0059C9FA /* App */ = {
			isa = PBXGroup;
			children = (
				013D6DC42A455A1E000103E6 /* AppDelegate.swift */,
				013D6DC62A455A1E000103E6 /* SceneDelegate.swift */,
			);
			path = App;
			sourceTree = "<group>";
		};
		01B6472C2A53F59800AA161C /* Home */ = {
			isa = PBXGroup;
			children = (
				019999042A495C7D0059C9FA /* HomeViewController.swift */,
			);
			path = Home;
			sourceTree = "<group>";
		};
		01B6472D2A53F5A500AA161C /* LaunchScreen */ = {
			isa = PBXGroup;
			children = (
				013D6DCF2A455A21000103E6 /* LaunchScreen.storyboard */,
				01B6472E2A53F7B100AA161C /* LaunchScreenViewController.swift */,
			);
			path = LaunchScreen;
			sourceTree = "<group>";
		};
/* End PBXGroup section */

/* Begin PBXNativeTarget section */
		013D6DC02A455A1E000103E6 /* YeogiEottaeClone */ = {
			isa = PBXNativeTarget;
			buildConfigurationList = 013D6DD52A455A21000103E6 /* Build configuration list for PBXNativeTarget "YeogiEottaeClone" */;
			buildPhases = (
				013D6DBD2A455A1E000103E6 /* Sources */,
				013D6DBE2A455A1E000103E6 /* Frameworks */,
				013D6DBF2A455A1E000103E6 /* Resources */,
			);
			buildRules = (
			);
			dependencies = (
			);
			name = YeogiEottaeClone;
			packageProductDependencies = (
				019998FF2A4958060059C9FA /* SnapKit */,
				019999022A495A670059C9FA /* Then */,
			);
			productName = YeogiEottaeClone;
			productReference = 013D6DC12A455A1E000103E6 /* YeogiEottaeClone.app */;
			productType = "com.apple.product-type.application";
		};
/* End PBXNativeTarget section */

/* Begin PBXProject section */
		013D6DB92A455A1E000103E6 /* Project object */ = {
			isa = PBXProject;
			attributes = {
				BuildIndependentTargetsInParallel = 1;
				LastSwiftUpdateCheck = 1430;
				LastUpgradeCheck = 1430;
				TargetAttributes = {
					013D6DC02A455A1E000103E6 = {
						CreatedOnToolsVersion = 14.3.1;
					};
				};
			};
			buildConfigurationList = 013D6DBC2A455A1E000103E6 /* Build configuration list for PBXProject "YeogiEottaeClone" */;
			compatibilityVersion = "Xcode 14.0";
			developmentRegion = en;
			hasScannedForEncodings = 0;
			knownRegions = (
				en,
				Base,
			);
			mainGroup = 013D6DB82A455A1E000103E6;
			packageReferences = (
				019998FE2A4958060059C9FA /* XCRemoteSwiftPackageReference "SnapKit" */,
				019999012A495A670059C9FA /* XCRemoteSwiftPackageReference "Then" */,
			);
			productRefGroup = 013D6DC22A455A1E000103E6 /* Products */;
			projectDirPath = "";
			projectRoot = "";
			targets = (
				013D6DC02A455A1E000103E6 /* YeogiEottaeClone */,
			);
		};
/* End PBXProject section */

/* Begin PBXResourcesBuildPhase section */
		013D6DBF2A455A1E000103E6 /* Resources */ = {
			isa = PBXResourcesBuildPhase;
			buildActionMask = 2147483647;
			files = (
				013D6DD12A455A21000103E6 /* LaunchScreen.storyboard in Resources */,
				013D6DCE2A455A21000103E6 /* Assets.xcassets in Resources */,
			);
			runOnlyForDeploymentPostprocessing = 0;
		};
/* End PBXResourcesBuildPhase section */

/* Begin PBXSourcesBuildPhase section */
		013D6DBD2A455A1E000103E6 /* Sources */ = {
			isa = PBXSourcesBuildPhase;
			buildActionMask = 2147483647;
			files = (
				0199990C2A495DFA0059C9FA /* LikedViewController.swift in Sources */,
				019999132A4973DA0059C9FA /* TabbarController.swift in Sources */,
				019999082A495DE70059C9FA /* SearchViewController.swift in Sources */,
				013D6DC52A455A1E000103E6 /* AppDelegate.swift in Sources */,
				0199990A2A495DF10059C9FA /* LocationViewController.swift in Sources */,
				013D6DC72A455A1E000103E6 /* SceneDelegate.swift in Sources */,
				0199990E2A495E000059C9FA /* ProfileViewController.swift in Sources */,
				01B6472F2A53F7B100AA161C /* LaunchScreenViewController.swift in Sources */,
				019999052A495C7D0059C9FA /* HomeViewController.swift in Sources */,
			);
			runOnlyForDeploymentPostprocessing = 0;
		};
/* End PBXSourcesBuildPhase section */

/* Begin PBXVariantGroup section */
		013D6DCF2A455A21000103E6 /* LaunchScreen.storyboard */ = {
			isa = PBXVariantGroup;
			children = (
				013D6DD02A455A21000103E6 /* Base */,
			);
			name = LaunchScreen.storyboard;
			sourceTree = "<group>";
		};
/* End PBXVariantGroup section */

/* Begin XCBuildConfiguration section */
		013D6DD32A455A21000103E6 /* Debug */ = {
			isa = XCBuildConfiguration;
			buildSettings = {
				ALWAYS_SEARCH_USER_PATHS = NO;
				CLANG_ANALYZER_NONNULL = YES;
				CLANG_ANALYZER_NUMBER_OBJECT_CONVERSION = YES_AGGRESSIVE;
				CLANG_CXX_LANGUAGE_STANDARD = "gnu++20";
				CLANG_ENABLE_MODULES = YES;
				CLANG_ENABLE_OBJC_ARC = YES;
				CLANG_ENABLE_OBJC_WEAK = YES;
				CLANG_WARN_BLOCK_CAPTURE_AUTORELEASING = YES;
				CLANG_WARN_BOOL_CONVERSION = YES;
				CLANG_WARN_COMMA = YES;
				CLANG_WARN_CONSTANT_CONVERSION = YES;
				CLANG_WARN_DEPRECATED_OBJC_IMPLEMENTATIONS = YES;
				CLANG_WARN_DIRECT_OBJC_ISA_USAGE = YES_ERROR;
				CLANG_WARN_DOCUMENTATION_COMMENTS = YES;
				CLANG_WARN_EMPTY_BODY = YES;
				CLANG_WARN_ENUM_CONVERSION = YES;
				CLANG_WARN_INFINITE_RECURSION = YES;
				CLANG_WARN_INT_CONVERSION = YES;
				CLANG_WARN_NON_LITERAL_NULL_CONVERSION = YES;
				CLANG_WARN_OBJC_IMPLICIT_RETAIN_SELF = YES;
				CLANG_WARN_OBJC_LITERAL_CONVERSION = YES;
				CLANG_WARN_OBJC_ROOT_CLASS = YES_ERROR;
				CLANG_WARN_QUOTED_INCLUDE_IN_FRAMEWORK_HEADER = YES;
				CLANG_WARN_RANGE_LOOP_ANALYSIS = YES;
				CLANG_WARN_STRICT_PROTOTYPES = YES;
				CLANG_WARN_SUSPICIOUS_MOVE = YES;
				CLANG_WARN_UNGUARDED_AVAILABILITY = YES_AGGRESSIVE;
				CLANG_WARN_UNREACHABLE_CODE = YES;
				CLANG_WARN__DUPLICATE_METHOD_MATCH = YES;
				COPY_PHASE_STRIP = NO;
				DEBUG_INFORMATION_FORMAT = dwarf;
				ENABLE_STRICT_OBJC_MSGSEND = YES;
				ENABLE_TESTABILITY = YES;
				GCC_C_LANGUAGE_STANDARD = gnu11;
				GCC_DYNAMIC_NO_PIC = NO;
				GCC_NO_COMMON_BLOCKS = YES;
				GCC_OPTIMIZATION_LEVEL = 0;
				GCC_PREPROCESSOR_DEFINITIONS = (
					"DEBUG=1",
					"$(inherited)",
				);
				GCC_WARN_64_TO_32_BIT_CONVERSION = YES;
				GCC_WARN_ABOUT_RETURN_TYPE = YES_ERROR;
				GCC_WARN_UNDECLARED_SELECTOR = YES;
				GCC_WARN_UNINITIALIZED_AUTOS = YES_AGGRESSIVE;
				GCC_WARN_UNUSED_FUNCTION = YES;
				GCC_WARN_UNUSED_VARIABLE = YES;
				IPHONEOS_DEPLOYMENT_TARGET = 16.4;
				MTL_ENABLE_DEBUG_INFO = INCLUDE_SOURCE;
				MTL_FAST_MATH = YES;
				ONLY_ACTIVE_ARCH = YES;
				SDKROOT = iphoneos;
				SWIFT_ACTIVE_COMPILATION_CONDITIONS = DEBUG;
				SWIFT_OPTIMIZATION_LEVEL = "-Onone";
			};
			name = Debug;
		};
		013D6DD42A455A21000103E6 /* Release */ = {
			isa = XCBuildConfiguration;
			buildSettings = {
				ALWAYS_SEARCH_USER_PATHS = NO;
				CLANG_ANALYZER_NONNULL = YES;
				CLANG_ANALYZER_NUMBER_OBJECT_CONVERSION = YES_AGGRESSIVE;
				CLANG_CXX_LANGUAGE_STANDARD = "gnu++20";
				CLANG_ENABLE_MODULES = YES;
				CLANG_ENABLE_OBJC_ARC = YES;
				CLANG_ENABLE_OBJC_WEAK = YES;
				CLANG_WARN_BLOCK_CAPTURE_AUTORELEASING = YES;
				CLANG_WARN_BOOL_CONVERSION = YES;
				CLANG_WARN_COMMA = YES;
				CLANG_WARN_CONSTANT_CONVERSION = YES;
				CLANG_WARN_DEPRECATED_OBJC_IMPLEMENTATIONS = YES;
				CLANG_WARN_DIRECT_OBJC_ISA_USAGE = YES_ERROR;
				CLANG_WARN_DOCUMENTATION_COMMENTS = YES;
				CLANG_WARN_EMPTY_BODY = YES;
				CLANG_WARN_ENUM_CONVERSION = YES;
				CLANG_WARN_INFINITE_RECURSION = YES;
				CLANG_WARN_INT_CONVERSION = YES;
				CLANG_WARN_NON_LITERAL_NULL_CONVERSION = YES;
				CLANG_WARN_OBJC_IMPLICIT_RETAIN_SELF = YES;
				CLANG_WARN_OBJC_LITERAL_CONVERSION = YES;
				CLANG_WARN_OBJC_ROOT_CLASS = YES_ERROR;
				CLANG_WARN_QUOTED_INCLUDE_IN_FRAMEWORK_HEADER = YES;
				CLANG_WARN_RANGE_LOOP_ANALYSIS = YES;
				CLANG_WARN_STRICT_PROTOTYPES = YES;
				CLANG_WARN_SUSPICIOUS_MOVE = YES;
				CLANG_WARN_UNGUARDED_AVAILABILITY = YES_AGGRESSIVE;
				CLANG_WARN_UNREACHABLE_CODE = YES;
				CLANG_WARN__DUPLICATE_METHOD_MATCH = YES;
				COPY_PHASE_STRIP = NO;
				DEBUG_INFORMATION_FORMAT = "dwarf-with-dsym";
				ENABLE_NS_ASSERTIONS = NO;
				ENABLE_STRICT_OBJC_MSGSEND = YES;
				GCC_C_LANGUAGE_STANDARD = gnu11;
				GCC_NO_COMMON_BLOCKS = YES;
				GCC_WARN_64_TO_32_BIT_CONVERSION = YES;
				GCC_WARN_ABOUT_RETURN_TYPE = YES_ERROR;
				GCC_WARN_UNDECLARED_SELECTOR = YES;
				GCC_WARN_UNINITIALIZED_AUTOS = YES_AGGRESSIVE;
				GCC_WARN_UNUSED_FUNCTION = YES;
				GCC_WARN_UNUSED_VARIABLE = YES;
				IPHONEOS_DEPLOYMENT_TARGET = 16.4;
				MTL_ENABLE_DEBUG_INFO = NO;
				MTL_FAST_MATH = YES;
				SDKROOT = iphoneos;
				SWIFT_COMPILATION_MODE = wholemodule;
				SWIFT_OPTIMIZATION_LEVEL = "-O";
				VALIDATE_PRODUCT = YES;
			};
			name = Release;
		};
		013D6DD62A455A21000103E6 /* Debug */ = {
			isa = XCBuildConfiguration;
			buildSettings = {
				ASSETCATALOG_COMPILER_APPICON_NAME = AppIcon;
				ASSETCATALOG_COMPILER_GLOBAL_ACCENT_COLOR_NAME = AccentColor;
				ASSETCATALOG_COMPILER_LAUNCHIMAGE_NAME = "";
				CODE_SIGN_STYLE = Automatic;
				CURRENT_PROJECT_VERSION = 1;
				GENERATE_INFOPLIST_FILE = YES;
				INFOPLIST_FILE = YeogiEottaeClone/Info.plist;
				INFOPLIST_KEY_UIApplicationSupportsIndirectInputEvents = YES;
				INFOPLIST_KEY_UILaunchScreen_Generation = YES;
				INFOPLIST_KEY_UILaunchStoryboardName = "";
				INFOPLIST_KEY_UISupportedInterfaceOrientations_iPad = "UIInterfaceOrientationPortrait UIInterfaceOrientationPortraitUpsideDown UIInterfaceOrientationLandscapeLeft UIInterfaceOrientationLandscapeRight";
				INFOPLIST_KEY_UISupportedInterfaceOrientations_iPhone = "UIInterfaceOrientationPortrait UIInterfaceOrientationLandscapeLeft UIInterfaceOrientationLandscapeRight";
				LD_RUNPATH_SEARCH_PATHS = (
					"$(inherited)",
					"@executable_path/Frameworks",
				);
				MARKETING_VERSION = 1.0;
				PRODUCT_BUNDLE_IDENTIFIER = com.Nick.YeogiEottaeClone.YeogiEottaeClone;
				PRODUCT_NAME = "$(TARGET_NAME)";
				SWIFT_EMIT_LOC_STRINGS = YES;
				SWIFT_VERSION = 5.0;
				TARGETED_DEVICE_FAMILY = "1,2";
			};
			name = Debug;
		};
		013D6DD72A455A21000103E6 /* Release */ = {
			isa = XCBuildConfiguration;
			buildSettings = {
				ASSETCATALOG_COMPILER_APPICON_NAME = AppIcon;
				ASSETCATALOG_COMPILER_GLOBAL_ACCENT_COLOR_NAME = AccentColor;
				ASSETCATALOG_COMPILER_LAUNCHIMAGE_NAME = "";
				CODE_SIGN_STYLE = Automatic;
				CURRENT_PROJECT_VERSION = 1;
				GENERATE_INFOPLIST_FILE = YES;
				INFOPLIST_FILE = YeogiEottaeClone/Info.plist;
				INFOPLIST_KEY_UIApplicationSupportsIndirectInputEvents = YES;
				INFOPLIST_KEY_UILaunchScreen_Generation = YES;
				INFOPLIST_KEY_UILaunchStoryboardName = "";
				INFOPLIST_KEY_UISupportedInterfaceOrientations_iPad = "UIInterfaceOrientationPortrait UIInterfaceOrientationPortraitUpsideDown UIInterfaceOrientationLandscapeLeft UIInterfaceOrientationLandscapeRight";
				INFOPLIST_KEY_UISupportedInterfaceOrientations_iPhone = "UIInterfaceOrientationPortrait UIInterfaceOrientationLandscapeLeft UIInterfaceOrientationLandscapeRight";
				LD_RUNPATH_SEARCH_PATHS = (
					"$(inherited)",
					"@executable_path/Frameworks",
				);
				MARKETING_VERSION = 1.0;
				PRODUCT_BUNDLE_IDENTIFIER = com.Nick.YeogiEottaeClone.YeogiEottaeClone;
				PRODUCT_NAME = "$(TARGET_NAME)";
				SWIFT_EMIT_LOC_STRINGS = YES;
				SWIFT_VERSION = 5.0;
				TARGETED_DEVICE_FAMILY = "1,2";
			};
			name = Release;
		};
/* End XCBuildConfiguration section */

/* Begin XCConfigurationList section */
		013D6DBC2A455A1E000103E6 /* Build configuration list for PBXProject "YeogiEottaeClone" */ = {
			isa = XCConfigurationList;
			buildConfigurations = (
				013D6DD32A455A21000103E6 /* Debug */,
				013D6DD42A455A21000103E6 /* Release */,
			);
			defaultConfigurationIsVisible = 0;
			defaultConfigurationName = Release;
		};
		013D6DD52A455A21000103E6 /* Build configuration list for PBXNativeTarget "YeogiEottaeClone" */ = {
			isa = XCConfigurationList;
			buildConfigurations = (
				013D6DD62A455A21000103E6 /* Debug */,
				013D6DD72A455A21000103E6 /* Release */,
			);
			defaultConfigurationIsVisible = 0;
			defaultConfigurationName = Release;
		};
/* End XCConfigurationList section */

/* Begin XCRemoteSwiftPackageReference section */
		019998FE2A4958060059C9FA /* XCRemoteSwiftPackageReference "SnapKit" */ = {
			isa = XCRemoteSwiftPackageReference;
			repositoryURL = "https://github.com/SnapKit/SnapKit";
			requirement = {
				kind = upToNextMajorVersion;
				minimumVersion = 5.0.0;
			};
		};
		019999012A495A670059C9FA /* XCRemoteSwiftPackageReference "Then" */ = {
			isa = XCRemoteSwiftPackageReference;
			repositoryURL = "https://github.com/devxoul/Then";
			requirement = {
				kind = upToNextMajorVersion;
				minimumVersion = 3.0.0;
			};
		};
/* End XCRemoteSwiftPackageReference section */

/* Begin XCSwiftPackageProductDependency section */
		019998FF2A4958060059C9FA /* SnapKit */ = {
			isa = XCSwiftPackageProductDependency;
			package = 019998FE2A4958060059C9FA /* XCRemoteSwiftPackageReference "SnapKit" */;
			productName = SnapKit;
		};
		019999022A495A670059C9FA /* Then */ = {
			isa = XCSwiftPackageProductDependency;
			package = 019999012A495A670059C9FA /* XCRemoteSwiftPackageReference "Then" */;
			productName = Then;
		};
/* End XCSwiftPackageProductDependency section */
	};
	rootObject = 013D6DB92A455A1E000103E6 /* Project object */;
}
